
Microsoft Visual Studio Solution File, Format Version 12.00
Project("{FAE04EC0-301F-11D3-BF4B-00C04F79EFBC}") = "Storage.API", "Storage.API\Storage.API.csproj", "{7D9BB221-AF76-4F99-A9E6-0676DC0039DD}"
EndProject
Project("{FAE04EC0-301F-11D3-BF4B-00C04F79EFBC}") = "Preservation.API", "Preservation.API\Preservation.API.csproj", "{D23A6FAF-43E2-432A-B44E-56C1FC82EC9D}"
EndProject
Global
	GlobalSection(SolutionConfigurationPlatforms) = preSolution
		Debug|Any CPU = Debug|Any CPU
		Release|Any CPU = Release|Any CPU
	EndGlobalSection
	GlobalSection(ProjectConfigurationPlatforms) = postSolution
		{7D9BB221-AF76-4F99-A9E6-0676DC0039DD}.Debug|Any CPU.ActiveCfg = Debug|Any CPU
		{7D9BB221-AF76-4F99-A9E6-0676DC0039DD}.Debug|Any CPU.Build.0 = Debug|Any CPU
		{7D9BB221-AF76-4F99-A9E6-0676DC0039DD}.Release|Any CPU.ActiveCfg = Release|Any CPU
		{7D9BB221-AF76-4F99-A9E6-0676DC0039DD}.Release|Any CPU.Build.0 = Release|Any CPU
		{D23A6FAF-43E2-432A-B44E-56C1FC82EC9D}.Debug|Any CPU.ActiveCfg = Debug|Any CPU
		{D23A6FAF-43E2-432A-B44E-56C1FC82EC9D}.Debug|Any CPU.Build.0 = Debug|Any CPU
		{D23A6FAF-43E2-432A-B44E-56C1FC82EC9D}.Release|Any CPU.ActiveCfg = Release|Any CPU
		{D23A6FAF-43E2-432A-B44E-56C1FC82EC9D}.Release|Any CPU.Build.0 = Release|Any CPU
	EndGlobalSection
EndGlobal
