
Microsoft Visual Studio Solution File, Format Version 12.00
Project("{FAE04EC0-301F-11D3-BF4B-00C04F79EFBC}") = "Storage.API", "Storage.API\Storage.API.csproj", "{7D9BB221-AF76-4F99-A9E6-0676DC0039DD}"
EndProject
Project("{FAE04EC0-301F-11D3-BF4B-00C04F79EFBC}") = "Preservation.API", "Preservation.API\Preservation.API.csproj", "{D23A6FAF-43E2-432A-B44E-56C1FC82EC9D}"
EndProject
Project("{FAE04EC0-301F-11D3-BF4B-00C04F79EFBC}") = "Storage.Client", "Storage.Client\Storage.Client.csproj", "{59E3CAA1-5D7B-43A3-B965-651EFFC7C1C1}"
EndProject
Project("{FAE04EC0-301F-11D3-BF4B-00C04F79EFBC}") = "DigitalPreservation.Core", "DigitalPreservation.Core\DigitalPreservation.Core.csproj", "{7833B84F-E115-495E-95FD-07EFD03A9097}"
EndProject
Project("{FAE04EC0-301F-11D3-BF4B-00C04F79EFBC}") = "DigitalPreservation.Core.Tests", "DigitalPreservation.Core.Tests\DigitalPreservation.Core.Tests.csproj", "{E045329F-268B-4E69-8C2A-82B2CBEB9014}"
EndProject
Project("{2150E333-8FDC-42A3-9474-1A3956D46DE8}") = "Tests", "Tests", "{2FF7269F-F433-41F9-84BF-EAA8CFCFFCF5}"
EndProject
Project("{FAE04EC0-301F-11D3-BF4B-00C04F79EFBC}") = "Storage.API.Tests", "Storage.API.Tests\Storage.API.Tests.csproj", "{476FB8C8-C5F6-4136-B448-8EF53FA55526}"
EndProject
Project("{FAE04EC0-301F-11D3-BF4B-00C04F79EFBC}") = "Test.Helpers", "Test.Helpers\Test.Helpers.csproj", "{5580309A-CA7F-43E5-A730-1FABD571BBC4}"
EndProject
Project("{FAE04EC0-301F-11D3-BF4B-00C04F79EFBC}") = "Preservation.API.Tests", "Preservation.API.Tests\Preservation.API.Tests.csproj", "{5D647B6D-FEB4-4948-B120-7800BC4852F9}"
EndProject
Project("{FAE04EC0-301F-11D3-BF4B-00C04F79EFBC}") = "DigitalPreservation.UI", "DigitalPreservation.UI\DigitalPreservation.UI.csproj", "{4FC4441D-FE8C-4126-A579-FFB278A45CA5}"
EndProject
Project("{FAE04EC0-301F-11D3-BF4B-00C04F79EFBC}") = "Preservation.Client", "Preservation.Client\Preservation.Client.csproj", "{BD22F632-6A98-4B90-8EFB-3AC64B3EFA6B}"
EndProject
Project("{FAE04EC0-301F-11D3-BF4B-00C04F79EFBC}") = "Storage.Repository.Common", "Storage.Repository.Common\Storage.Repository.Common.csproj", "{F72F9200-D493-4DA5-8516-625273202895}"
EndProject
Project("{FAE04EC0-301F-11D3-BF4B-00C04F79EFBC}") = "DigitalPreservation.Common.Model", "DigitalPreservation.Common.Model\DigitalPreservation.Common.Model.csproj", "{26BF1D22-CC10-470A-8639-6CADFB58EEC0}"
EndProject
Project("{FAE04EC0-301F-11D3-BF4B-00C04F79EFBC}") = "DigitalPreservation.Common.Model.Tests", "DigitalPreservation.Common.Model.Tests\DigitalPreservation.Common.Model.Tests.csproj", "{3F17B16D-4D15-45D3-96F7-083D8CF17656}"
EndProject
Project("{FAE04EC0-301F-11D3-BF4B-00C04F79EFBC}") = "DigitalPreservation.Utils", "DigitalPreservation.Utils\DigitalPreservation.Utils.csproj", "{3030ABE2-C922-4E07-9D4E-5A86383E941D}"
EndProject
Project("{FAE04EC0-301F-11D3-BF4B-00C04F79EFBC}") = "DigitalPreservation.CommonApiClient", "DigitalPreservation.CommonApiClient\DigitalPreservation.CommonApiClient.csproj", "{D4591C54-73DD-4277-96D3-16468A99BBC0}"
EndProject
Global
	GlobalSection(SolutionConfigurationPlatforms) = preSolution
		Debug|Any CPU = Debug|Any CPU
		Release|Any CPU = Release|Any CPU
	EndGlobalSection
	GlobalSection(ProjectConfigurationPlatforms) = postSolution
		{7D9BB221-AF76-4F99-A9E6-0676DC0039DD}.Debug|Any CPU.ActiveCfg = Debug|Any CPU
		{7D9BB221-AF76-4F99-A9E6-0676DC0039DD}.Debug|Any CPU.Build.0 = Debug|Any CPU
		{7D9BB221-AF76-4F99-A9E6-0676DC0039DD}.Release|Any CPU.ActiveCfg = Release|Any CPU
		{7D9BB221-AF76-4F99-A9E6-0676DC0039DD}.Release|Any CPU.Build.0 = Release|Any CPU
		{D23A6FAF-43E2-432A-B44E-56C1FC82EC9D}.Debug|Any CPU.ActiveCfg = Debug|Any CPU
		{D23A6FAF-43E2-432A-B44E-56C1FC82EC9D}.Debug|Any CPU.Build.0 = Debug|Any CPU
		{D23A6FAF-43E2-432A-B44E-56C1FC82EC9D}.Release|Any CPU.ActiveCfg = Release|Any CPU
		{D23A6FAF-43E2-432A-B44E-56C1FC82EC9D}.Release|Any CPU.Build.0 = Release|Any CPU
		{59E3CAA1-5D7B-43A3-B965-651EFFC7C1C1}.Debug|Any CPU.ActiveCfg = Debug|Any CPU
		{59E3CAA1-5D7B-43A3-B965-651EFFC7C1C1}.Debug|Any CPU.Build.0 = Debug|Any CPU
		{59E3CAA1-5D7B-43A3-B965-651EFFC7C1C1}.Release|Any CPU.ActiveCfg = Release|Any CPU
		{59E3CAA1-5D7B-43A3-B965-651EFFC7C1C1}.Release|Any CPU.Build.0 = Release|Any CPU
		{7833B84F-E115-495E-95FD-07EFD03A9097}.Debug|Any CPU.ActiveCfg = Debug|Any CPU
		{7833B84F-E115-495E-95FD-07EFD03A9097}.Debug|Any CPU.Build.0 = Debug|Any CPU
		{7833B84F-E115-495E-95FD-07EFD03A9097}.Release|Any CPU.ActiveCfg = Release|Any CPU
		{7833B84F-E115-495E-95FD-07EFD03A9097}.Release|Any CPU.Build.0 = Release|Any CPU
		{E045329F-268B-4E69-8C2A-82B2CBEB9014}.Debug|Any CPU.ActiveCfg = Debug|Any CPU
		{E045329F-268B-4E69-8C2A-82B2CBEB9014}.Debug|Any CPU.Build.0 = Debug|Any CPU
		{E045329F-268B-4E69-8C2A-82B2CBEB9014}.Release|Any CPU.ActiveCfg = Release|Any CPU
		{E045329F-268B-4E69-8C2A-82B2CBEB9014}.Release|Any CPU.Build.0 = Release|Any CPU
		{476FB8C8-C5F6-4136-B448-8EF53FA55526}.Debug|Any CPU.ActiveCfg = Debug|Any CPU
		{476FB8C8-C5F6-4136-B448-8EF53FA55526}.Debug|Any CPU.Build.0 = Debug|Any CPU
		{476FB8C8-C5F6-4136-B448-8EF53FA55526}.Release|Any CPU.ActiveCfg = Release|Any CPU
		{476FB8C8-C5F6-4136-B448-8EF53FA55526}.Release|Any CPU.Build.0 = Release|Any CPU
		{5580309A-CA7F-43E5-A730-1FABD571BBC4}.Debug|Any CPU.ActiveCfg = Debug|Any CPU
		{5580309A-CA7F-43E5-A730-1FABD571BBC4}.Debug|Any CPU.Build.0 = Debug|Any CPU
		{5580309A-CA7F-43E5-A730-1FABD571BBC4}.Release|Any CPU.ActiveCfg = Release|Any CPU
		{5580309A-CA7F-43E5-A730-1FABD571BBC4}.Release|Any CPU.Build.0 = Release|Any CPU
		{5D647B6D-FEB4-4948-B120-7800BC4852F9}.Debug|Any CPU.ActiveCfg = Debug|Any CPU
		{5D647B6D-FEB4-4948-B120-7800BC4852F9}.Debug|Any CPU.Build.0 = Debug|Any CPU
		{5D647B6D-FEB4-4948-B120-7800BC4852F9}.Release|Any CPU.ActiveCfg = Release|Any CPU
		{5D647B6D-FEB4-4948-B120-7800BC4852F9}.Release|Any CPU.Build.0 = Release|Any CPU
		{4FC4441D-FE8C-4126-A579-FFB278A45CA5}.Debug|Any CPU.ActiveCfg = Debug|Any CPU
		{4FC4441D-FE8C-4126-A579-FFB278A45CA5}.Debug|Any CPU.Build.0 = Debug|Any CPU
		{4FC4441D-FE8C-4126-A579-FFB278A45CA5}.Release|Any CPU.ActiveCfg = Release|Any CPU
		{4FC4441D-FE8C-4126-A579-FFB278A45CA5}.Release|Any CPU.Build.0 = Release|Any CPU
		{BD22F632-6A98-4B90-8EFB-3AC64B3EFA6B}.Debug|Any CPU.ActiveCfg = Debug|Any CPU
		{BD22F632-6A98-4B90-8EFB-3AC64B3EFA6B}.Debug|Any CPU.Build.0 = Debug|Any CPU
		{BD22F632-6A98-4B90-8EFB-3AC64B3EFA6B}.Release|Any CPU.ActiveCfg = Release|Any CPU
		{BD22F632-6A98-4B90-8EFB-3AC64B3EFA6B}.Release|Any CPU.Build.0 = Release|Any CPU
		{F72F9200-D493-4DA5-8516-625273202895}.Debug|Any CPU.ActiveCfg = Debug|Any CPU
		{F72F9200-D493-4DA5-8516-625273202895}.Debug|Any CPU.Build.0 = Debug|Any CPU
		{F72F9200-D493-4DA5-8516-625273202895}.Release|Any CPU.ActiveCfg = Release|Any CPU
		{F72F9200-D493-4DA5-8516-625273202895}.Release|Any CPU.Build.0 = Release|Any CPU
		{26BF1D22-CC10-470A-8639-6CADFB58EEC0}.Debug|Any CPU.ActiveCfg = Debug|Any CPU
		{26BF1D22-CC10-470A-8639-6CADFB58EEC0}.Debug|Any CPU.Build.0 = Debug|Any CPU
		{26BF1D22-CC10-470A-8639-6CADFB58EEC0}.Release|Any CPU.ActiveCfg = Release|Any CPU
		{26BF1D22-CC10-470A-8639-6CADFB58EEC0}.Release|Any CPU.Build.0 = Release|Any CPU
		{3F17B16D-4D15-45D3-96F7-083D8CF17656}.Debug|Any CPU.ActiveCfg = Debug|Any CPU
		{3F17B16D-4D15-45D3-96F7-083D8CF17656}.Debug|Any CPU.Build.0 = Debug|Any CPU
		{3F17B16D-4D15-45D3-96F7-083D8CF17656}.Release|Any CPU.ActiveCfg = Release|Any CPU
		{3F17B16D-4D15-45D3-96F7-083D8CF17656}.Release|Any CPU.Build.0 = Release|Any CPU
		{3030ABE2-C922-4E07-9D4E-5A86383E941D}.Debug|Any CPU.ActiveCfg = Debug|Any CPU
		{3030ABE2-C922-4E07-9D4E-5A86383E941D}.Debug|Any CPU.Build.0 = Debug|Any CPU
		{3030ABE2-C922-4E07-9D4E-5A86383E941D}.Release|Any CPU.ActiveCfg = Release|Any CPU
		{3030ABE2-C922-4E07-9D4E-5A86383E941D}.Release|Any CPU.Build.0 = Release|Any CPU
		{D4591C54-73DD-4277-96D3-16468A99BBC0}.Debug|Any CPU.ActiveCfg = Debug|Any CPU
		{D4591C54-73DD-4277-96D3-16468A99BBC0}.Debug|Any CPU.Build.0 = Debug|Any CPU
		{D4591C54-73DD-4277-96D3-16468A99BBC0}.Release|Any CPU.ActiveCfg = Release|Any CPU
		{D4591C54-73DD-4277-96D3-16468A99BBC0}.Release|Any CPU.Build.0 = Release|Any CPU
	EndGlobalSection
	GlobalSection(NestedProjects) = preSolution
		{E045329F-268B-4E69-8C2A-82B2CBEB9014} = {2FF7269F-F433-41F9-84BF-EAA8CFCFFCF5}
		{476FB8C8-C5F6-4136-B448-8EF53FA55526} = {2FF7269F-F433-41F9-84BF-EAA8CFCFFCF5}
		{5580309A-CA7F-43E5-A730-1FABD571BBC4} = {2FF7269F-F433-41F9-84BF-EAA8CFCFFCF5}
		{5D647B6D-FEB4-4948-B120-7800BC4852F9} = {2FF7269F-F433-41F9-84BF-EAA8CFCFFCF5}
		{3F17B16D-4D15-45D3-96F7-083D8CF17656} = {2FF7269F-F433-41F9-84BF-EAA8CFCFFCF5}
	EndGlobalSection
EndGlobal
